// !$*UTF8*$!
{
	archiveVersion = 1;
	classes = {
	};
	objectVersion = 46;
	objects = {

/* Begin PBXBuildFile section */
		D320D31B1F3510F20022A341 /* main.m in Sources */ = {isa = PBXBuildFile; fileRef = D320D31A1F3510F20022A341 /* main.m */; };
		D320D31E1F3510F20022A341 /* AppDelegate.m in Sources */ = {isa = PBXBuildFile; fileRef = D320D31D1F3510F20022A341 /* AppDelegate.m */; };
		D320D3211F3510F20022A341 /* MenuViewController.m in Sources */ = {isa = PBXBuildFile; fileRef = D320D3201F3510F20022A341 /* MenuViewController.m */; };
		D320D3241F3510F20022A341 /* Main.storyboard in Resources */ = {isa = PBXBuildFile; fileRef = D320D3221F3510F20022A341 /* Main.storyboard */; };
		D320D3261F3510F20022A341 /* Assets.xcassets in Resources */ = {isa = PBXBuildFile; fileRef = D320D3251F3510F20022A341 /* Assets.xcassets */; };
		D320D3291F3510F20022A341 /* LaunchScreen.storyboard in Resources */ = {isa = PBXBuildFile; fileRef = D320D3271F3510F20022A341 /* LaunchScreen.storyboard */; };
		D320D3341F3510F30022A341 /* GameOfLifeTests.m in Sources */ = {isa = PBXBuildFile; fileRef = D320D3331F3510F30022A341 /* GameOfLifeTests.m */; };
		D34880321F351E8F002E154D /* GameViewController.m in Sources */ = {isa = PBXBuildFile; fileRef = D34880311F351E8F002E154D /* GameViewController.m */; };
		D34880351F351F7D002E154D /* Settings.m in Sources */ = {isa = PBXBuildFile; fileRef = D34880341F351F7D002E154D /* Settings.m */; };
		D39EF7C51F352E54009AA97E /* GameOfLife.m in Sources */ = {isa = PBXBuildFile; fileRef = D39EF7C41F352E54009AA97E /* GameOfLife.m */; };
		D39EF7C91F36129A009AA97E /* GameOfLife.m in Sources */ = {isa = PBXBuildFile; fileRef = D39EF7C41F352E54009AA97E /* GameOfLife.m */; };
		D39EF7CB1F361929009AA97E /* testGameOfLife.m in Sources */ = {isa = PBXBuildFile; fileRef = D39EF7CA1F361929009AA97E /* testGameOfLife.m */; };
/* End PBXBuildFile section */

/* Begin PBXContainerItemProxy section */
		D320D3301F3510F30022A341 /* PBXContainerItemProxy */ = {
			isa = PBXContainerItemProxy;
			containerPortal = D320D30E1F3510F20022A341 /* Project object */;
			proxyType = 1;
			remoteGlobalIDString = D320D3151F3510F20022A341;
			remoteInfo = GameOfLife;
		};
/* End PBXContainerItemProxy section */

/* Begin PBXFileReference section */
		D320D3161F3510F20022A341 /* GameOfLife.app */ = {isa = PBXFileReference; explicitFileType = wrapper.application; includeInIndex = 0; path = GameOfLife.app; sourceTree = BUILT_PRODUCTS_DIR; };
		D320D31A1F3510F20022A341 /* main.m */ = {isa = PBXFileReference; lastKnownFileType = sourcecode.c.objc; path = main.m; sourceTree = "<group>"; };
		D320D31C1F3510F20022A341 /* AppDelegate.h */ = {isa = PBXFileReference; lastKnownFileType = sourcecode.c.h; path = AppDelegate.h; sourceTree = "<group>"; };
		D320D31D1F3510F20022A341 /* AppDelegate.m */ = {isa = PBXFileReference; lastKnownFileType = sourcecode.c.objc; path = AppDelegate.m; sourceTree = "<group>"; };
		D320D31F1F3510F20022A341 /* MenuViewController.h */ = {isa = PBXFileReference; lastKnownFileType = sourcecode.c.h; path = MenuViewController.h; sourceTree = "<group>"; };
		D320D3201F3510F20022A341 /* MenuViewController.m */ = {isa = PBXFileReference; lastKnownFileType = sourcecode.c.objc; path = MenuViewController.m; sourceTree = "<group>"; };
		D320D3231F3510F20022A341 /* Base */ = {isa = PBXFileReference; lastKnownFileType = file.storyboard; name = Base; path = Base.lproj/Main.storyboard; sourceTree = "<group>"; };
		D320D3251F3510F20022A341 /* Assets.xcassets */ = {isa = PBXFileReference; lastKnownFileType = folder.assetcatalog; path = Assets.xcassets; sourceTree = "<group>"; };
		D320D3281F3510F20022A341 /* Base */ = {isa = PBXFileReference; lastKnownFileType = file.storyboard; name = Base; path = Base.lproj/LaunchScreen.storyboard; sourceTree = "<group>"; };
		D320D32A1F3510F20022A341 /* Info.plist */ = {isa = PBXFileReference; lastKnownFileType = text.plist.xml; path = Info.plist; sourceTree = "<group>"; };
		D320D32F1F3510F30022A341 /* GameOfLifeTests.xctest */ = {isa = PBXFileReference; explicitFileType = wrapper.cfbundle; includeInIndex = 0; path = GameOfLifeTests.xctest; sourceTree = BUILT_PRODUCTS_DIR; };
		D320D3331F3510F30022A341 /* GameOfLifeTests.m */ = {isa = PBXFileReference; lastKnownFileType = sourcecode.c.objc; path = GameOfLifeTests.m; sourceTree = "<group>"; };
		D320D3351F3510F30022A341 /* Info.plist */ = {isa = PBXFileReference; lastKnownFileType = text.plist.xml; path = Info.plist; sourceTree = "<group>"; };
		D34880301F351E8F002E154D /* GameViewController.h */ = {isa = PBXFileReference; fileEncoding = 4; lastKnownFileType = sourcecode.c.h; path = GameViewController.h; sourceTree = "<group>"; };
		D34880311F351E8F002E154D /* GameViewController.m */ = {isa = PBXFileReference; fileEncoding = 4; lastKnownFileType = sourcecode.c.objc; path = GameViewController.m; sourceTree = "<group>"; };
		D34880331F351F7D002E154D /* Settings.h */ = {isa = PBXFileReference; fileEncoding = 4; lastKnownFileType = sourcecode.c.h; path = Settings.h; sourceTree = "<group>"; };
		D34880341F351F7D002E154D /* Settings.m */ = {isa = PBXFileReference; fileEncoding = 4; lastKnownFileType = sourcecode.c.objc; path = Settings.m; sourceTree = "<group>"; };
		D39EF7C31F352E54009AA97E /* GameOfLife.h */ = {isa = PBXFileReference; fileEncoding = 4; lastKnownFileType = sourcecode.c.h; path = GameOfLife.h; sourceTree = "<group>"; };
		D39EF7C41F352E54009AA97E /* GameOfLife.m */ = {isa = PBXFileReference; fileEncoding = 4; lastKnownFileType = sourcecode.c.objc; path = GameOfLife.m; sourceTree = "<group>"; };
		D39EF7CA1F361929009AA97E /* testGameOfLife.m */ = {isa = PBXFileReference; fileEncoding = 4; lastKnownFileType = sourcecode.c.objc; path = testGameOfLife.m; sourceTree = "<group>"; };
/* End PBXFileReference section */

/* Begin PBXFrameworksBuildPhase section */
		D320D3131F3510F20022A341 /* Frameworks */ = {
			isa = PBXFrameworksBuildPhase;
			buildActionMask = 2147483647;
			files = (
			);
			runOnlyForDeploymentPostprocessing = 0;
		};
		D320D32C1F3510F30022A341 /* Frameworks */ = {
			isa = PBXFrameworksBuildPhase;
			buildActionMask = 2147483647;
			files = (
			);
			runOnlyForDeploymentPostprocessing = 0;
		};
/* End PBXFrameworksBuildPhase section */

/* Begin PBXGroup section */
		D320D30D1F3510F20022A341 = {
			isa = PBXGroup;
			children = (
				D320D3181F3510F20022A341 /* GameOfLife */,
				D320D3321F3510F30022A341 /* GameOfLifeTests */,
				D320D3171F3510F20022A341 /* Products */,
			);
			sourceTree = "<group>";
		};
		D320D3171F3510F20022A341 /* Products */ = {
			isa = PBXGroup;
			children = (
				D320D3161F3510F20022A341 /* GameOfLife.app */,
				D320D32F1F3510F30022A341 /* GameOfLifeTests.xctest */,
			);
			name = Products;
			sourceTree = "<group>";
		};
		D320D3181F3510F20022A341 /* GameOfLife */ = {
			isa = PBXGroup;
			children = (
				D320D31C1F3510F20022A341 /* AppDelegate.h */,
				D320D31D1F3510F20022A341 /* AppDelegate.m */,
				D320D31F1F3510F20022A341 /* MenuViewController.h */,
				D320D3201F3510F20022A341 /* MenuViewController.m */,
				D320D3221F3510F20022A341 /* Main.storyboard */,
				D320D3251F3510F20022A341 /* Assets.xcassets */,
				D320D3271F3510F20022A341 /* LaunchScreen.storyboard */,
				D320D32A1F3510F20022A341 /* Info.plist */,
				D320D3191F3510F20022A341 /* Supporting Files */,
				D34880301F351E8F002E154D /* GameViewController.h */,
				D34880311F351E8F002E154D /* GameViewController.m */,
				D34880331F351F7D002E154D /* Settings.h */,
				D34880341F351F7D002E154D /* Settings.m */,
				D39EF7C31F352E54009AA97E /* GameOfLife.h */,
				D39EF7C41F352E54009AA97E /* GameOfLife.m */,
			);
			path = GameOfLife;
			sourceTree = "<group>";
		};
		D320D3191F3510F20022A341 /* Supporting Files */ = {
			isa = PBXGroup;
			children = (
				D320D31A1F3510F20022A341 /* main.m */,
			);
			name = "Supporting Files";
			sourceTree = "<group>";
		};
		D320D3321F3510F30022A341 /* GameOfLifeTests */ = {
			isa = PBXGroup;
			children = (
				D320D3331F3510F30022A341 /* GameOfLifeTests.m */,
				D320D3351F3510F30022A341 /* Info.plist */,
				D39EF7CA1F361929009AA97E /* testGameOfLife.m */,
			);
			path = GameOfLifeTests;
			sourceTree = "<group>";
		};
/* End PBXGroup section */

/* Begin PBXNativeTarget section */
		D320D3151F3510F20022A341 /* GameOfLife */ = {
			isa = PBXNativeTarget;
			buildConfigurationList = D320D3381F3510F30022A341 /* Build configuration list for PBXNativeTarget "GameOfLife" */;
			buildPhases = (
				D320D3121F3510F20022A341 /* Sources */,
				D320D3131F3510F20022A341 /* Frameworks */,
				D320D3141F3510F20022A341 /* Resources */,
			);
			buildRules = (
			);
			dependencies = (
			);
			name = GameOfLife;
			productName = GameOfLife;
			productReference = D320D3161F3510F20022A341 /* GameOfLife.app */;
			productType = "com.apple.product-type.application";
		};
		D320D32E1F3510F30022A341 /* GameOfLifeTests */ = {
			isa = PBXNativeTarget;
			buildConfigurationList = D320D33B1F3510F30022A341 /* Build configuration list for PBXNativeTarget "GameOfLifeTests" */;
			buildPhases = (
				D320D32B1F3510F30022A341 /* Sources */,
				D320D32C1F3510F30022A341 /* Frameworks */,
				D320D32D1F3510F30022A341 /* Resources */,
			);
			buildRules = (
			);
			dependencies = (
				D320D3311F3510F30022A341 /* PBXTargetDependency */,
			);
			name = GameOfLifeTests;
			productName = GameOfLifeTests;
			productReference = D320D32F1F3510F30022A341 /* GameOfLifeTests.xctest */;
			productType = "com.apple.product-type.bundle.unit-test";
		};
/* End PBXNativeTarget section */

/* Begin PBXProject section */
		D320D30E1F3510F20022A341 /* Project object */ = {
			isa = PBXProject;
			attributes = {
				LastUpgradeCheck = 0830;
				ORGANIZATIONNAME = slingthor;
				TargetAttributes = {
					D320D3151F3510F20022A341 = {
						CreatedOnToolsVersion = 8.3.3;
						DevelopmentTeam = 8VB4ML6TL3;
						ProvisioningStyle = Automatic;
					};
					D320D32E1F3510F30022A341 = {
						CreatedOnToolsVersion = 8.3.3;
						DevelopmentTeam = 8UJHUQ32TC;
						ProvisioningStyle = Automatic;
						TestTargetID = D320D3151F3510F20022A341;
					};
				};
			};
			buildConfigurationList = D320D3111F3510F20022A341 /* Build configuration list for PBXProject "GameOfLife" */;
			compatibilityVersion = "Xcode 3.2";
			developmentRegion = English;
			hasScannedForEncodings = 0;
			knownRegions = (
				en,
				Base,
			);
			mainGroup = D320D30D1F3510F20022A341;
			productRefGroup = D320D3171F3510F20022A341 /* Products */;
			projectDirPath = "";
			projectRoot = "";
			targets = (
				D320D3151F3510F20022A341 /* GameOfLife */,
				D320D32E1F3510F30022A341 /* GameOfLifeTests */,
			);
		};
/* End PBXProject section */

/* Begin PBXResourcesBuildPhase section */
		D320D3141F3510F20022A341 /* Resources */ = {
			isa = PBXResourcesBuildPhase;
			buildActionMask = 2147483647;
			files = (
				D320D3291F3510F20022A341 /* LaunchScreen.storyboard in Resources */,
				D320D3261F3510F20022A341 /* Assets.xcassets in Resources */,
				D320D3241F3510F20022A341 /* Main.storyboard in Resources */,
			);
			runOnlyForDeploymentPostprocessing = 0;
		};
		D320D32D1F3510F30022A341 /* Resources */ = {
			isa = PBXResourcesBuildPhase;
			buildActionMask = 2147483647;
			files = (
			);
			runOnlyForDeploymentPostprocessing = 0;
		};
/* End PBXResourcesBuildPhase section */

/* Begin PBXSourcesBuildPhase section */
		D320D3121F3510F20022A341 /* Sources */ = {
			isa = PBXSourcesBuildPhase;
			buildActionMask = 2147483647;
			files = (
				D34880321F351E8F002E154D /* GameViewController.m in Sources */,
				D320D3211F3510F20022A341 /* MenuViewController.m in Sources */,
				D34880351F351F7D002E154D /* Settings.m in Sources */,
				D320D31E1F3510F20022A341 /* AppDelegate.m in Sources */,
				D39EF7C51F352E54009AA97E /* GameOfLife.m in Sources */,
				D320D31B1F3510F20022A341 /* main.m in Sources */,
			);
			runOnlyForDeploymentPostprocessing = 0;
		};
		D320D32B1F3510F30022A341 /* Sources */ = {
			isa = PBXSourcesBuildPhase;
			buildActionMask = 2147483647;
			files = (
				D39EF7C91F36129A009AA97E /* GameOfLife.m in Sources */,
				D39EF7CB1F361929009AA97E /* testGameOfLife.m in Sources */,
				D320D3341F3510F30022A341 /* GameOfLifeTests.m in Sources */,
			);
			runOnlyForDeploymentPostprocessing = 0;
		};
/* End PBXSourcesBuildPhase section */

/* Begin PBXTargetDependency section */
		D320D3311F3510F30022A341 /* PBXTargetDependency */ = {
			isa = PBXTargetDependency;
			target = D320D3151F3510F20022A341 /* GameOfLife */;
			targetProxy = D320D3301F3510F30022A341 /* PBXContainerItemProxy */;
		};
/* End PBXTargetDependency section */

/* Begin PBXVariantGroup section */
		D320D3221F3510F20022A341 /* Main.storyboard */ = {
			isa = PBXVariantGroup;
			children = (
				D320D3231F3510F20022A341 /* Base */,
			);
			name = Main.storyboard;
			sourceTree = "<group>";
		};
		D320D3271F3510F20022A341 /* LaunchScreen.storyboard */ = {
			isa = PBXVariantGroup;
			children = (
				D320D3281F3510F20022A341 /* Base */,
			);
			name = LaunchScreen.storyboard;
			sourceTree = "<group>";
		};
/* End PBXVariantGroup section */

/* Begin XCBuildConfiguration section */
		D320D3361F3510F30022A341 /* Debug */ = {
			isa = XCBuildConfiguration;
			buildSettings = {
				ALWAYS_SEARCH_USER_PATHS = NO;
				CLANG_ANALYZER_NONNULL = YES;
				CLANG_ANALYZER_NUMBER_OBJECT_CONVERSION = YES_AGGRESSIVE;
				CLANG_CXX_LANGUAGE_STANDARD = "gnu++0x";
				CLANG_CXX_LIBRARY = "libc++";
				CLANG_ENABLE_MODULES = YES;
				CLANG_ENABLE_OBJC_ARC = YES;
				CLANG_WARN_BOOL_CONVERSION = YES;
				CLANG_WARN_CONSTANT_CONVERSION = YES;
				CLANG_WARN_DIRECT_OBJC_ISA_USAGE = YES_ERROR;
				CLANG_WARN_DOCUMENTATION_COMMENTS = YES;
				CLANG_WARN_EMPTY_BODY = YES;
				CLANG_WARN_ENUM_CONVERSION = YES;
				CLANG_WARN_INFINITE_RECURSION = YES;
				CLANG_WARN_INT_CONVERSION = YES;
				CLANG_WARN_OBJC_ROOT_CLASS = YES_ERROR;
				CLANG_WARN_SUSPICIOUS_MOVE = YES;
				CLANG_WARN_UNREACHABLE_CODE = YES;
				CLANG_WARN__DUPLICATE_METHOD_MATCH = YES;
				"CODE_SIGN_IDENTITY[sdk=iphoneos*]" = "iPhone Developer";
				COPY_PHASE_STRIP = NO;
				DEBUG_INFORMATION_FORMAT = dwarf;
				ENABLE_STRICT_OBJC_MSGSEND = YES;
				ENABLE_TESTABILITY = YES;
				GCC_C_LANGUAGE_STANDARD = gnu99;
				GCC_DYNAMIC_NO_PIC = NO;
				GCC_NO_COMMON_BLOCKS = YES;
				GCC_OPTIMIZATION_LEVEL = 0;
				GCC_PREPROCESSOR_DEFINITIONS = (
					"DEBUG=1",
					"$(inherited)",
				);
				GCC_WARN_64_TO_32_BIT_CONVERSION = YES;
				GCC_WARN_ABOUT_RETURN_TYPE = YES_ERROR;
				GCC_WARN_UNDECLARED_SELECTOR = YES;
				GCC_WARN_UNINITIALIZED_AUTOS = YES_AGGRESSIVE;
				GCC_WARN_UNUSED_FUNCTION = YES;
				GCC_WARN_UNUSED_VARIABLE = YES;
				IPHONEOS_DEPLOYMENT_TARGET = 10.3;
				MTL_ENABLE_DEBUG_INFO = YES;
				ONLY_ACTIVE_ARCH = YES;
				SDKROOT = iphoneos;
			};
			name = Debug;
		};
		D320D3371F3510F30022A341 /* Release */ = {
			isa = XCBuildConfiguration;
			buildSettings = {
				ALWAYS_SEARCH_USER_PATHS = NO;
				CLANG_ANALYZER_NONNULL = YES;
				CLANG_ANALYZER_NUMBER_OBJECT_CONVERSION = YES_AGGRESSIVE;
				CLANG_CXX_LANGUAGE_STANDARD = "gnu++0x";
				CLANG_CXX_LIBRARY = "libc++";
				CLANG_ENABLE_MODULES = YES;
				CLANG_ENABLE_OBJC_ARC = YES;
				CLANG_WARN_BOOL_CONVERSION = YES;
				CLANG_WARN_CONSTANT_CONVERSION = YES;
				CLANG_WARN_DIRECT_OBJC_ISA_USAGE = YES_ERROR;
				CLANG_WARN_DOCUMENTATION_COMMENTS = YES;
				CLANG_WARN_EMPTY_BODY = YES;
				CLANG_WARN_ENUM_CONVERSION = YES;
				CLANG_WARN_INFINITE_RECURSION = YES;
				CLANG_WARN_INT_CONVERSION = YES;
				CLANG_WARN_OBJC_ROOT_CLASS = YES_ERROR;
				CLANG_WARN_SUSPICIOUS_MOVE = YES;
				CLANG_WARN_UNREACHABLE_CODE = YES;
				CLANG_WARN__DUPLICATE_METHOD_MATCH = YES;
				"CODE_SIGN_IDENTITY[sdk=iphoneos*]" = "iPhone Developer";
				COPY_PHASE_STRIP = NO;
				DEBUG_INFORMATION_FORMAT = "dwarf-with-dsym";
				ENABLE_NS_ASSERTIONS = NO;
				ENABLE_STRICT_OBJC_MSGSEND = YES;
				GCC_C_LANGUAGE_STANDARD = gnu99;
				GCC_NO_COMMON_BLOCKS = YES;
				GCC_WARN_64_TO_32_BIT_CONVERSION = YES;
				GCC_WARN_ABOUT_RETURN_TYPE = YES_ERROR;
				GCC_WARN_UNDECLARED_SELECTOR = YES;
				GCC_WARN_UNINITIALIZED_AUTOS = YES_AGGRESSIVE;
				GCC_WARN_UNUSED_FUNCTION = YES;
				GCC_WARN_UNUSED_VARIABLE = YES;
				IPHONEOS_DEPLOYMENT_TARGET = 10.3;
				MTL_ENABLE_DEBUG_INFO = NO;
				SDKROOT = iphoneos;
				VALIDATE_PRODUCT = YES;
			};
			name = Release;
		};
		D320D3391F3510F30022A341 /* Debug */ = {
			isa = XCBuildConfiguration;
			buildSettings = {
				ASSETCATALOG_COMPILER_APPICON_NAME = AppIcon;
				DEVELOPMENT_TEAM = 8VB4ML6TL3;
				INFOPLIST_FILE = GameOfLife/Info.plist;
				LD_RUNPATH_SEARCH_PATHS = "$(inherited) @executable_path/Frameworks";
				PRODUCT_BUNDLE_IDENTIFIER = com.slingthor.gameoflife;
				PRODUCT_NAME = "$(TARGET_NAME)";
			};
			name = Debug;
		};
		D320D33A1F3510F30022A341 /* Release */ = {
			isa = XCBuildConfiguration;
			buildSettings = {
				ASSETCATALOG_COMPILER_APPICON_NAME = AppIcon;
				DEVELOPMENT_TEAM = 8VB4ML6TL3;
				INFOPLIST_FILE = GameOfLife/Info.plist;
				LD_RUNPATH_SEARCH_PATHS = "$(inherited) @executable_path/Frameworks";
				PRODUCT_BUNDLE_IDENTIFIER = com.slingthor.gameoflife;
				PRODUCT_NAME = "$(TARGET_NAME)";
			};
			name = Release;
		};
		D320D33C1F3510F30022A341 /* Debug */ = {
			isa = XCBuildConfiguration;
			buildSettings = {
				BUNDLE_LOADER = "$(TEST_HOST)";
				DEVELOPMENT_TEAM = 8UJHUQ32TC;
				INFOPLIST_FILE = GameOfLifeTests/Info.plist;
				LD_RUNPATH_SEARCH_PATHS = "$(inherited) @executable_path/Frameworks @loader_path/Frameworks";
				PRODUCT_BUNDLE_IDENTIFIER = com.GameOfLifeTests;
				PRODUCT_NAME = "$(TARGET_NAME)";
				TEST_HOST = "$(BUILT_PRODUCTS_DIR)/GameOfLife.app/GameOfLife";
			};
			name = Debug;
		};
		D320D33D1F3510F30022A341 /* Release */ = {
			isa = XCBuildConfiguration;
			buildSettings = {
				BUNDLE_LOADER = "$(TEST_HOST)";
				DEVELOPMENT_TEAM = 8UJHUQ32TC;
				INFOPLIST_FILE = GameOfLifeTests/Info.plist;
				LD_RUNPATH_SEARCH_PATHS = "$(inherited) @executable_path/Frameworks @loader_path/Frameworks";
				PRODUCT_BUNDLE_IDENTIFIER = com.GameOfLifeTests;
				PRODUCT_NAME = "$(TARGET_NAME)";
				TEST_HOST = "$(BUILT_PRODUCTS_DIR)/GameOfLife.app/GameOfLife";
			};
			name = Release;
		};
/* End XCBuildConfiguration section */

/* Begin XCConfigurationList section */
		D320D3111F3510F20022A341 /* Build configuration list for PBXProject "GameOfLife" */ = {
			isa = XCConfigurationList;
			buildConfigurations = (
				D320D3361F3510F30022A341 /* Debug */,
				D320D3371F3510F30022A341 /* Release */,
			);
			defaultConfigurationIsVisible = 0;
			defaultConfigurationName = Release;
		};
		D320D3381F3510F30022A341 /* Build configuration list for PBXNativeTarget "GameOfLife" */ = {
			isa = XCConfigurationList;
			buildConfigurations = (
				D320D3391F3510F30022A341 /* Debug */,
				D320D33A1F3510F30022A341 /* Release */,
			);
			defaultConfigurationIsVisible = 0;
			defaultConfigurationName = Release;
		};
		D320D33B1F3510F30022A341 /* Build configuration list for PBXNativeTarget "GameOfLifeTests" */ = {
			isa = XCConfigurationList;
			buildConfigurations = (
				D320D33C1F3510F30022A341 /* Debug */,
				D320D33D1F3510F30022A341 /* Release */,
			);
			defaultConfigurationIsVisible = 0;
			defaultConfigurationName = Release;
		};
/* End XCConfigurationList section */
	};
	rootObject = D320D30E1F3510F20022A341 /* Project object */;
}
